
Microsoft Visual Studio Solution File, Format Version 12.00
# Visual Studio 2012
Project("{FAE04EC0-301F-11D3-BF4B-00C04F79EFBC}") = "dh_server", "dh_server\dh_server.csproj", "{8E4131F8-14D2-44A9-A40B-0D2C7300ACC9}"
EndProject
Project("{2150E333-8FDC-42A3-9474-1A3956D46DE8}") = "Solution Items", "Solution Items", "{5D8517FB-9618-4F6E-9859-FBC03B8FEB86}"
	ProjectSection(SolutionItems) = preProject
		DiffieHellman.cs = DiffieHellman.cs
		DiffieHellmanParams.cs = DiffieHellmanParams.cs
		RC4Stream.cs = RC4Stream.cs
	EndProjectSection
EndProject
Project("{FAE04EC0-301F-11D3-BF4B-00C04F79EFBC}") = "dh_client", "dh_client\dh_client.csproj", "{6049693D-C022-4537-A9F3-FE41CA4B5115}"
EndProject
Global
	GlobalSection(SolutionConfigurationPlatforms) = preSolution
		Debug|Any CPU = Debug|Any CPU
		Release|Any CPU = Release|Any CPU
	EndGlobalSection
	GlobalSection(ProjectConfigurationPlatforms) = postSolution
		{8E4131F8-14D2-44A9-A40B-0D2C7300ACC9}.Debug|Any CPU.ActiveCfg = Release|Any CPU
		{8E4131F8-14D2-44A9-A40B-0D2C7300ACC9}.Debug|Any CPU.Build.0 = Release|Any CPU
		{8E4131F8-14D2-44A9-A40B-0D2C7300ACC9}.Release|Any CPU.ActiveCfg = Release|Any CPU
		{8E4131F8-14D2-44A9-A40B-0D2C7300ACC9}.Release|Any CPU.Build.0 = Release|Any CPU
		{6049693D-C022-4537-A9F3-FE41CA4B5115}.Debug|Any CPU.ActiveCfg = Release|Any CPU
		{6049693D-C022-4537-A9F3-FE41CA4B5115}.Debug|Any CPU.Build.0 = Release|Any CPU
		{6049693D-C022-4537-A9F3-FE41CA4B5115}.Release|Any CPU.ActiveCfg = Release|Any CPU
		{6049693D-C022-4537-A9F3-FE41CA4B5115}.Release|Any CPU.Build.0 = Release|Any CPU
	EndGlobalSection
	GlobalSection(SolutionProperties) = preSolution
		HideSolutionNode = FALSE
	EndGlobalSection
EndGlobal
